
Microsoft Visual Studio Solution File, Format Version 12.00
# Visual Studio Version 16
VisualStudioVersion = 16.0.30804.86
MinimumVisualStudioVersion = 10.0.40219.1
Project("{9A19103F-16F7-4668-BE54-9A1E7A4F7556}") = "cqrs-es-exercise-2", "cqrs-es-exercise-2\cqrs-es-exercise-2.csproj", "{CE5E25A2-5006-4E7F-ACF8-66F8CBABEF58}"
EndProject
Project("{FAE04EC0-301F-11D3-BF4B-00C04F79EFBC}") = "tests", "tests\tests.csproj", "{B75C439B-8B3C-4F4B-B13A-E42761432BB9}"
EndProject
Project("{FAE04EC0-301F-11D3-BF4B-00C04F79EFBC}") = "CommandModel", "CommandModel\CommandModel.csproj", "{9BB36698-2F58-4A37-83EB-C8F5D288BCBF}"
EndProject
Global
	GlobalSection(SolutionConfigurationPlatforms) = preSolution
		Debug|Any CPU = Debug|Any CPU
		Release|Any CPU = Release|Any CPU
	EndGlobalSection
	GlobalSection(ProjectConfigurationPlatforms) = postSolution
		{CE5E25A2-5006-4E7F-ACF8-66F8CBABEF58}.Debug|Any CPU.ActiveCfg = Debug|Any CPU
		{CE5E25A2-5006-4E7F-ACF8-66F8CBABEF58}.Debug|Any CPU.Build.0 = Debug|Any CPU
		{CE5E25A2-5006-4E7F-ACF8-66F8CBABEF58}.Release|Any CPU.ActiveCfg = Release|Any CPU
		{CE5E25A2-5006-4E7F-ACF8-66F8CBABEF58}.Release|Any CPU.Build.0 = Release|Any CPU
		{B75C439B-8B3C-4F4B-B13A-E42761432BB9}.Debug|Any CPU.ActiveCfg = Debug|Any CPU
		{B75C439B-8B3C-4F4B-B13A-E42761432BB9}.Debug|Any CPU.Build.0 = Debug|Any CPU
		{B75C439B-8B3C-4F4B-B13A-E42761432BB9}.Release|Any CPU.ActiveCfg = Release|Any CPU
		{B75C439B-8B3C-4F4B-B13A-E42761432BB9}.Release|Any CPU.Build.0 = Release|Any CPU
		{9BB36698-2F58-4A37-83EB-C8F5D288BCBF}.Debug|Any CPU.ActiveCfg = Debug|Any CPU
		{9BB36698-2F58-4A37-83EB-C8F5D288BCBF}.Debug|Any CPU.Build.0 = Debug|Any CPU
		{9BB36698-2F58-4A37-83EB-C8F5D288BCBF}.Release|Any CPU.ActiveCfg = Release|Any CPU
		{9BB36698-2F58-4A37-83EB-C8F5D288BCBF}.Release|Any CPU.Build.0 = Release|Any CPU
	EndGlobalSection
	GlobalSection(SolutionProperties) = preSolution
		HideSolutionNode = FALSE
	EndGlobalSection
	GlobalSection(ExtensibilityGlobals) = postSolution
		SolutionGuid = {FF913A5B-6788-478D-A4BD-5683CD3C4C95}
	EndGlobalSection
EndGlobal
